
Microsoft Visual Studio Solution File, Format Version 12.00
# Visual Studio Version 17
VisualStudioVersion = 17.0.31903.59
MinimumVisualStudioVersion = 10.0.40219.1
Project("{2150E333-8FDC-42A3-9474-1A3956D46DE8}") = "src", "src", "{827E0CD3-B72D-47B6-A68D-7590B98EB39B}"
EndProject
Project("{FAE04EC0-301F-11D3-BF4B-00C04F79EFBC}") = "Juple.Domain", "src\Juple.Domain\Juple.Domain.csproj", "{11A1BB0C-1FD8-4E8A-93B6-F46B7346222F}"
EndProject
Project("{FAE04EC0-301F-11D3-BF4B-00C04F79EFBC}") = "Juple.Application", "src\Juple.Application\Juple.Application.csproj", "{BE698A56-08D5-421B-AB3C-D4F5F10AEB15}"
EndProject
Project("{FAE04EC0-301F-11D3-BF4B-00C04F79EFBC}") = "Juple.Infrastructure", "src\Juple.Infrastructure\Juple.Infrastructure.csproj", "{37A7811A-D5E0-4D5B-B56F-36EA5FBA1D96}"
EndProject
Project("{FAE04EC0-301F-11D3-BF4B-00C04F79EFBC}") = "Juple.Api", "src\Juple.Api\Juple.Api.csproj", "{F9534809-5121-40E0-B6C1-A39904F00E02}"
EndProject
Project("{2150E333-8FDC-42A3-9474-1A3956D46DE8}") = "tests", "tests", "{0AB3BF05-4346-4AA6-1389-037BE0695223}"
EndProject
Project("{FAE04EC0-301F-11D3-BF4B-00C04F79EFBC}") = "Juple.UnitTests", "tests\Juple.UnitTests\Juple.UnitTests.csproj", "{D9BC73E2-D537-4F5B-AFEE-A3F0042ECC0B}"
EndProject
Project("{FAE04EC0-301F-11D3-BF4B-00C04F79EFBC}") = "Juple.IntegrationTests", "tests\Juple.IntegrationTests\Juple.IntegrationTests.csproj", "{19001239-1CE1-4081-B357-C1FE5482369B}"
EndProject
Global
	GlobalSection(SolutionConfigurationPlatforms) = preSolution
		Debug|Any CPU = Debug|Any CPU
		Debug|x64 = Debug|x64
		Debug|x86 = Debug|x86
		Release|Any CPU = Release|Any CPU
		Release|x64 = Release|x64
		Release|x86 = Release|x86
	EndGlobalSection
	GlobalSection(ProjectConfigurationPlatforms) = postSolution
		{11A1BB0C-1FD8-4E8A-93B6-F46B7346222F}.Debug|Any CPU.ActiveCfg = Debug|Any CPU
		{11A1BB0C-1FD8-4E8A-93B6-F46B7346222F}.Debug|Any CPU.Build.0 = Debug|Any CPU
		{11A1BB0C-1FD8-4E8A-93B6-F46B7346222F}.Debug|x64.ActiveCfg = Debug|Any CPU
		{11A1BB0C-1FD8-4E8A-93B6-F46B7346222F}.Debug|x64.Build.0 = Debug|Any CPU
		{11A1BB0C-1FD8-4E8A-93B6-F46B7346222F}.Debug|x86.ActiveCfg = Debug|Any CPU
		{11A1BB0C-1FD8-4E8A-93B6-F46B7346222F}.Debug|x86.Build.0 = Debug|Any CPU
		{11A1BB0C-1FD8-4E8A-93B6-F46B7346222F}.Release|Any CPU.ActiveCfg = Release|Any CPU
		{11A1BB0C-1FD8-4E8A-93B6-F46B7346222F}.Release|Any CPU.Build.0 = Release|Any CPU
		{11A1BB0C-1FD8-4E8A-93B6-F46B7346222F}.Release|x64.ActiveCfg = Release|Any CPU
		{11A1BB0C-1FD8-4E8A-93B6-F46B7346222F}.Release|x64.Build.0 = Release|Any CPU
		{11A1BB0C-1FD8-4E8A-93B6-F46B7346222F}.Release|x86.ActiveCfg = Release|Any CPU
		{11A1BB0C-1FD8-4E8A-93B6-F46B7346222F}.Release|x86.Build.0 = Release|Any CPU
		{BE698A56-08D5-421B-AB3C-D4F5F10AEB15}.Debug|Any CPU.ActiveCfg = Debug|Any CPU
		{BE698A56-08D5-421B-AB3C-D4F5F10AEB15}.Debug|Any CPU.Build.0 = Debug|Any CPU
		{BE698A56-08D5-421B-AB3C-D4F5F10AEB15}.Debug|x64.ActiveCfg = Debug|Any CPU
		{BE698A56-08D5-421B-AB3C-D4F5F10AEB15}.Debug|x64.Build.0 = Debug|Any CPU
		{BE698A56-08D5-421B-AB3C-D4F5F10AEB15}.Debug|x86.ActiveCfg = Debug|Any CPU
		{BE698A56-08D5-421B-AB3C-D4F5F10AEB15}.Debug|x86.Build.0 = Debug|Any CPU
		{BE698A56-08D5-421B-AB3C-D4F5F10AEB15}.Release|Any CPU.ActiveCfg = Release|Any CPU
		{BE698A56-08D5-421B-AB3C-D4F5F10AEB15}.Release|Any CPU.Build.0 = Release|Any CPU
		{BE698A56-08D5-421B-AB3C-D4F5F10AEB15}.Release|x64.ActiveCfg = Release|Any CPU
		{BE698A56-08D5-421B-AB3C-D4F5F10AEB15}.Release|x64.Build.0 = Release|Any CPU
		{BE698A56-08D5-421B-AB3C-D4F5F10AEB15}.Release|x86.ActiveCfg = Release|Any CPU
		{BE698A56-08D5-421B-AB3C-D4F5F10AEB15}.Release|x86.Build.0 = Release|Any CPU
		{37A7811A-D5E0-4D5B-B56F-36EA5FBA1D96}.Debug|Any CPU.ActiveCfg = Debug|Any CPU
		{37A7811A-D5E0-4D5B-B56F-36EA5FBA1D96}.Debug|Any CPU.Build.0 = Debug|Any CPU
		{37A7811A-D5E0-4D5B-B56F-36EA5FBA1D96}.Debug|x64.ActiveCfg = Debug|Any CPU
		{37A7811A-D5E0-4D5B-B56F-36EA5FBA1D96}.Debug|x64.Build.0 = Debug|Any CPU
		{37A7811A-D5E0-4D5B-B56F-36EA5FBA1D96}.Debug|x86.ActiveCfg = Debug|Any CPU
		{37A7811A-D5E0-4D5B-B56F-36EA5FBA1D96}.Debug|x86.Build.0 = Debug|Any CPU
		{37A7811A-D5E0-4D5B-B56F-36EA5FBA1D96}.Release|Any CPU.ActiveCfg = Release|Any CPU
		{37A7811A-D5E0-4D5B-B56F-36EA5FBA1D96}.Release|Any CPU.Build.0 = Release|Any CPU
		{37A7811A-D5E0-4D5B-B56F-36EA5FBA1D96}.Release|x64.ActiveCfg = Release|Any CPU
		{37A7811A-D5E0-4D5B-B56F-36EA5FBA1D96}.Release|x64.Build.0 = Release|Any CPU
		{37A7811A-D5E0-4D5B-B56F-36EA5FBA1D96}.Release|x86.ActiveCfg = Release|Any CPU
		{37A7811A-D5E0-4D5B-B56F-36EA5FBA1D96}.Release|x86.Build.0 = Release|Any CPU
		{F9534809-5121-40E0-B6C1-A39904F00E02}.Debug|Any CPU.ActiveCfg = Debug|Any CPU
		{F9534809-5121-40E0-B6C1-A39904F00E02}.Debug|Any CPU.Build.0 = Debug|Any CPU
		{F9534809-5121-40E0-B6C1-A39904F00E02}.Debug|x64.ActiveCfg = Debug|Any CPU
		{F9534809-5121-40E0-B6C1-A39904F00E02}.Debug|x64.Build.0 = Debug|Any CPU
		{F9534809-5121-40E0-B6C1-A39904F00E02}.Debug|x86.ActiveCfg = Debug|Any CPU
		{F9534809-5121-40E0-B6C1-A39904F00E02}.Debug|x86.Build.0 = Debug|Any CPU
		{F9534809-5121-40E0-B6C1-A39904F00E02}.Release|Any CPU.ActiveCfg = Release|Any CPU
		{F9534809-5121-40E0-B6C1-A39904F00E02}.Release|Any CPU.Build.0 = Release|Any CPU
		{F9534809-5121-40E0-B6C1-A39904F00E02}.Release|x64.ActiveCfg = Release|Any CPU
		{F9534809-5121-40E0-B6C1-A39904F00E02}.Release|x64.Build.0 = Release|Any CPU
		{F9534809-5121-40E0-B6C1-A39904F00E02}.Release|x86.ActiveCfg = Release|Any CPU
		{F9534809-5121-40E0-B6C1-A39904F00E02}.Release|x86.Build.0 = Release|Any CPU
		{D9BC73E2-D537-4F5B-AFEE-A3F0042ECC0B}.Debug|Any CPU.ActiveCfg = Debug|Any CPU
		{D9BC73E2-D537-4F5B-AFEE-A3F0042ECC0B}.Debug|Any CPU.Build.0 = Debug|Any CPU
		{D9BC73E2-D537-4F5B-AFEE-A3F0042ECC0B}.Debug|x64.ActiveCfg = Debug|Any CPU
		{D9BC73E2-D537-4F5B-AFEE-A3F0042ECC0B}.Debug|x64.Build.0 = Debug|Any CPU
		{D9BC73E2-D537-4F5B-AFEE-A3F0042ECC0B}.Debug|x86.ActiveCfg = Debug|Any CPU
		{D9BC73E2-D537-4F5B-AFEE-A3F0042ECC0B}.Debug|x86.Build.0 = Debug|Any CPU
		{D9BC73E2-D537-4F5B-AFEE-A3F0042ECC0B}.Release|Any CPU.ActiveCfg = Release|Any CPU
		{D9BC73E2-D537-4F5B-AFEE-A3F0042ECC0B}.Release|Any CPU.Build.0 = Release|Any CPU
		{D9BC73E2-D537-4F5B-AFEE-A3F0042ECC0B}.Release|x64.ActiveCfg = Release|Any CPU
		{D9BC73E2-D537-4F5B-AFEE-A3F0042ECC0B}.Release|x64.Build.0 = Release|Any CPU
		{D9BC73E2-D537-4F5B-AFEE-A3F0042ECC0B}.Release|x86.ActiveCfg = Release|Any CPU
		{D9BC73E2-D537-4F5B-AFEE-A3F0042ECC0B}.Release|x86.Build.0 = Release|Any CPU
		{19001239-1CE1-4081-B357-C1FE5482369B}.Debug|Any CPU.ActiveCfg = Debug|Any CPU
		{19001239-1CE1-4081-B357-C1FE5482369B}.Debug|Any CPU.Build.0 = Debug|Any CPU
		{19001239-1CE1-4081-B357-C1FE5482369B}.Debug|x64.ActiveCfg = Debug|Any CPU
		{19001239-1CE1-4081-B357-C1FE5482369B}.Debug|x64.Build.0 = Debug|Any CPU
		{19001239-1CE1-4081-B357-C1FE5482369B}.Debug|x86.ActiveCfg = Debug|Any CPU
		{19001239-1CE1-4081-B357-C1FE5482369B}.Debug|x86.Build.0 = Debug|Any CPU
		{19001239-1CE1-4081-B357-C1FE5482369B}.Release|Any CPU.ActiveCfg = Release|Any CPU
		{19001239-1CE1-4081-B357-C1FE5482369B}.Release|Any CPU.Build.0 = Release|Any CPU
		{19001239-1CE1-4081-B357-C1FE5482369B}.Release|x64.ActiveCfg = Release|Any CPU
		{19001239-1CE1-4081-B357-C1FE5482369B}.Release|x64.Build.0 = Release|Any CPU
		{19001239-1CE1-4081-B357-C1FE5482369B}.Release|x86.ActiveCfg = Release|Any CPU
		{19001239-1CE1-4081-B357-C1FE5482369B}.Release|x86.Build.0 = Release|Any CPU
	EndGlobalSection
	GlobalSection(SolutionProperties) = preSolution
		HideSolutionNode = FALSE
	EndGlobalSection
	GlobalSection(NestedProjects) = preSolution
		{11A1BB0C-1FD8-4E8A-93B6-F46B7346222F} = {827E0CD3-B72D-47B6-A68D-7590B98EB39B}
		{BE698A56-08D5-421B-AB3C-D4F5F10AEB15} = {827E0CD3-B72D-47B6-A68D-7590B98EB39B}
		{37A7811A-D5E0-4D5B-B56F-36EA5FBA1D96} = {827E0CD3-B72D-47B6-A68D-7590B98EB39B}
		{F9534809-5121-40E0-B6C1-A39904F00E02} = {827E0CD3-B72D-47B6-A68D-7590B98EB39B}
		{D9BC73E2-D537-4F5B-AFEE-A3F0042ECC0B} = {0AB3BF05-4346-4AA6-1389-037BE0695223}
		{19001239-1CE1-4081-B357-C1FE5482369B} = {0AB3BF05-4346-4AA6-1389-037BE0695223}
	EndGlobalSection
EndGlobal
